// !$*UTF8*$!
{
	archiveVersion = 1;
	classes = {
	};
	objectVersion = 46;
	objects = {

/* Begin PBXBuildFile section */
		7D4AA94F1C77ACAD0053502A /* ButtonTView.swift in Sources */ = {isa = PBXBuildFile; fileRef = 7D4AA94E1C77ACAD0053502A /* ButtonTView.swift */; };
		7D4AA9511C77ADAB0053502A /* CodeSampTView.swift in Sources */ = {isa = PBXBuildFile; fileRef = 7D4AA9501C77ADAB0053502A /* CodeSampTView.swift */; };
		7D4AA9531C77AE670053502A /* CodeDescription.swift in Sources */ = {isa = PBXBuildFile; fileRef = 7D4AA9521C77AE670053502A /* CodeDescription.swift */; };
		7D4AA9571C7CEF060053502A /* TheArrays.swift in Sources */ = {isa = PBXBuildFile; fileRef = 7D4AA9561C7CEF060053502A /* TheArrays.swift */; };
		7D5FF1E11C56DAF300997473 /* Main.storyboard in Resources */ = {isa = PBXBuildFile; fileRef = 7DB224351C3B38C7006D247D /* Main.storyboard */; };
		7D5FF1E21C56DAF300997473 /* Main.storyboard in Resources */ = {isa = PBXBuildFile; fileRef = 7DB224351C3B38C7006D247D /* Main.storyboard */; };
		7DB224321C3B38C7006D247D /* AppDelegate.swift in Sources */ = {isa = PBXBuildFile; fileRef = 7DB224311C3B38C7006D247D /* AppDelegate.swift */; };
		7DB224341C3B38C7006D247D /* ViewController.swift in Sources */ = {isa = PBXBuildFile; fileRef = 7DB224331C3B38C7006D247D /* ViewController.swift */; };
		7DB224371C3B38C7006D247D /* Main.storyboard in Resources */ = {isa = PBXBuildFile; fileRef = 7DB224351C3B38C7006D247D /* Main.storyboard */; };
		7DB224391C3B38C7006D247D /* Assets.xcassets in Resources */ = {isa = PBXBuildFile; fileRef = 7DB224381C3B38C7006D247D /* Assets.xcassets */; };
		7DB2243C1C3B38C7006D247D /* LaunchScreen.storyboard in Resources */ = {isa = PBXBuildFile; fileRef = 7DB2243A1C3B38C7006D247D /* LaunchScreen.storyboard */; };
		7DB224471C3B38C7006D247D /* MayoCodeTests.swift in Sources */ = {isa = PBXBuildFile; fileRef = 7DB224461C3B38C7006D247D /* MayoCodeTests.swift */; };
		7DB224521C3B38C7006D247D /* MayoCodeUITests.swift in Sources */ = {isa = PBXBuildFile; fileRef = 7DB224511C3B38C7006D247D /* MayoCodeUITests.swift */; };
/* End PBXBuildFile section */

/* Begin PBXContainerItemProxy section */
		7DB224431C3B38C7006D247D /* PBXContainerItemProxy */ = {
			isa = PBXContainerItemProxy;
			containerPortal = 7DB224261C3B38C7006D247D /* Project object */;
			proxyType = 1;
			remoteGlobalIDString = 7DB2242D1C3B38C7006D247D;
			remoteInfo = MayoCode;
		};
		7DB2244E1C3B38C7006D247D /* PBXContainerItemProxy */ = {
			isa = PBXContainerItemProxy;
			containerPortal = 7DB224261C3B38C7006D247D /* Project object */;
			proxyType = 1;
			remoteGlobalIDString = 7DB2242D1C3B38C7006D247D;
			remoteInfo = MayoCode;
		};
/* End PBXContainerItemProxy section */

/* Begin PBXFileReference section */
		7D4AA94E1C77ACAD0053502A /* ButtonTView.swift */ = {isa = PBXFileReference; fileEncoding = 4; lastKnownFileType = sourcecode.swift; path = ButtonTView.swift; sourceTree = "<group>"; };
		7D4AA9501C77ADAB0053502A /* CodeSampTView.swift */ = {isa = PBXFileReference; fileEncoding = 4; lastKnownFileType = sourcecode.swift; path = CodeSampTView.swift; sourceTree = "<group>"; };
		7D4AA9521C77AE670053502A /* CodeDescription.swift */ = {isa = PBXFileReference; fileEncoding = 4; lastKnownFileType = sourcecode.swift; path = CodeDescription.swift; sourceTree = "<group>"; };
		7D4AA9561C7CEF060053502A /* TheArrays.swift */ = {isa = PBXFileReference; fileEncoding = 4; lastKnownFileType = sourcecode.swift; path = TheArrays.swift; sourceTree = "<group>"; };
		7D5FF1E41C56DB0500997473 /* en */ = {isa = PBXFileReference; lastKnownFileType = text.plist.strings; name = en; path = en.lproj/Main.strings; sourceTree = "<group>"; };
		7DB2242E1C3B38C7006D247D /* MayoCode.app */ = {isa = PBXFileReference; explicitFileType = wrapper.application; includeInIndex = 0; path = MayoCode.app; sourceTree = BUILT_PRODUCTS_DIR; };
		7DB224311C3B38C7006D247D /* AppDelegate.swift */ = {isa = PBXFileReference; lastKnownFileType = sourcecode.swift; path = AppDelegate.swift; sourceTree = "<group>"; };
		7DB224331C3B38C7006D247D /* ViewController.swift */ = {isa = PBXFileReference; lastKnownFileType = sourcecode.swift; path = ViewController.swift; sourceTree = "<group>"; };
		7DB224361C3B38C7006D247D /* Base */ = {isa = PBXFileReference; lastKnownFileType = file.storyboard; name = Base; path = Base.lproj/Main.storyboard; sourceTree = "<group>"; };
		7DB224381C3B38C7006D247D /* Assets.xcassets */ = {isa = PBXFileReference; lastKnownFileType = folder.assetcatalog; path = Assets.xcassets; sourceTree = "<group>"; };
		7DB2243B1C3B38C7006D247D /* Base */ = {isa = PBXFileReference; lastKnownFileType = file.storyboard; name = Base; path = Base.lproj/LaunchScreen.storyboard; sourceTree = "<group>"; };
		7DB2243D1C3B38C7006D247D /* Info.plist */ = {isa = PBXFileReference; lastKnownFileType = text.plist.xml; path = Info.plist; sourceTree = "<group>"; };
		7DB224421C3B38C7006D247D /* MayoCodeTests.xctest */ = {isa = PBXFileReference; explicitFileType = wrapper.cfbundle; includeInIndex = 0; path = MayoCodeTests.xctest; sourceTree = BUILT_PRODUCTS_DIR; };
		7DB224461C3B38C7006D247D /* MayoCodeTests.swift */ = {isa = PBXFileReference; lastKnownFileType = sourcecode.swift; path = MayoCodeTests.swift; sourceTree = "<group>"; };
		7DB224481C3B38C7006D247D /* Info.plist */ = {isa = PBXFileReference; lastKnownFileType = text.plist.xml; path = Info.plist; sourceTree = "<group>"; };
		7DB2244D1C3B38C7006D247D /* MayoCodeUITests.xctest */ = {isa = PBXFileReference; explicitFileType = wrapper.cfbundle; includeInIndex = 0; path = MayoCodeUITests.xctest; sourceTree = BUILT_PRODUCTS_DIR; };
		7DB224511C3B38C7006D247D /* MayoCodeUITests.swift */ = {isa = PBXFileReference; lastKnownFileType = sourcecode.swift; path = MayoCodeUITests.swift; sourceTree = "<group>"; };
		7DB224531C3B38C7006D247D /* Info.plist */ = {isa = PBXFileReference; lastKnownFileType = text.plist.xml; path = Info.plist; sourceTree = "<group>"; };
/* End PBXFileReference section */

/* Begin PBXFrameworksBuildPhase section */
		7DB2242B1C3B38C7006D247D /* Frameworks */ = {
			isa = PBXFrameworksBuildPhase;
			buildActionMask = 2147483647;
			files = (
			);
			runOnlyForDeploymentPostprocessing = 0;
		};
		7DB2243F1C3B38C7006D247D /* Frameworks */ = {
			isa = PBXFrameworksBuildPhase;
			buildActionMask = 2147483647;
			files = (
			);
			runOnlyForDeploymentPostprocessing = 0;
		};
		7DB2244A1C3B38C7006D247D /* Frameworks */ = {
			isa = PBXFrameworksBuildPhase;
			buildActionMask = 2147483647;
			files = (
			);
			runOnlyForDeploymentPostprocessing = 0;
		};
/* End PBXFrameworksBuildPhase section */

/* Begin PBXGroup section */
		7DB224251C3B38C7006D247D = {
			isa = PBXGroup;
			children = (
				7DB224301C3B38C7006D247D /* MayoCode */,
				7DB224451C3B38C7006D247D /* MayoCodeTests */,
				7DB224501C3B38C7006D247D /* MayoCodeUITests */,
				7DB2242F1C3B38C7006D247D /* Products */,
			);
			sourceTree = "<group>";
		};
		7DB2242F1C3B38C7006D247D /* Products */ = {
			isa = PBXGroup;
			children = (
				7DB2242E1C3B38C7006D247D /* MayoCode.app */,
				7DB224421C3B38C7006D247D /* MayoCodeTests.xctest */,
				7DB2244D1C3B38C7006D247D /* MayoCodeUITests.xctest */,
			);
			name = Products;
			sourceTree = "<group>";
		};
		7DB224301C3B38C7006D247D /* MayoCode */ = {
			isa = PBXGroup;
			children = (
				7DB224311C3B38C7006D247D /* AppDelegate.swift */,
				7DB224331C3B38C7006D247D /* ViewController.swift */,
				7D4AA94E1C77ACAD0053502A /* ButtonTView.swift */,
				7D4AA9501C77ADAB0053502A /* CodeSampTView.swift */,
				7D4AA9521C77AE670053502A /* CodeDescription.swift */,
				7D4AA9561C7CEF060053502A /* TheArrays.swift */,
				7DB224351C3B38C7006D247D /* Main.storyboard */,
				7DB224381C3B38C7006D247D /* Assets.xcassets */,
				7DB2243A1C3B38C7006D247D /* LaunchScreen.storyboard */,
				7DB2243D1C3B38C7006D247D /* Info.plist */,
			);
			path = MayoCode;
			sourceTree = "<group>";
		};
		7DB224451C3B38C7006D247D /* MayoCodeTests */ = {
			isa = PBXGroup;
			children = (
				7DB224461C3B38C7006D247D /* MayoCodeTests.swift */,
				7DB224481C3B38C7006D247D /* Info.plist */,
			);
			path = MayoCodeTests;
			sourceTree = "<group>";
		};
		7DB224501C3B38C7006D247D /* MayoCodeUITests */ = {
			isa = PBXGroup;
			children = (
				7DB224511C3B38C7006D247D /* MayoCodeUITests.swift */,
				7DB224531C3B38C7006D247D /* Info.plist */,
			);
			path = MayoCodeUITests;
			sourceTree = "<group>";
		};
/* End PBXGroup section */

/* Begin PBXNativeTarget section */
		7DB2242D1C3B38C7006D247D /* MayoCode */ = {
			isa = PBXNativeTarget;
			buildConfigurationList = 7DB224561C3B38C7006D247D /* Build configuration list for PBXNativeTarget "MayoCode" */;
			buildPhases = (
				7DB2242A1C3B38C7006D247D /* Sources */,
				7DB2242B1C3B38C7006D247D /* Frameworks */,
				7DB2242C1C3B38C7006D247D /* Resources */,
			);
			buildRules = (
			);
			dependencies = (
			);
			name = MayoCode;
			productName = MayoCode;
			productReference = 7DB2242E1C3B38C7006D247D /* MayoCode.app */;
			productType = "com.apple.product-type.application";
		};
		7DB224411C3B38C7006D247D /* MayoCodeTests */ = {
			isa = PBXNativeTarget;
			buildConfigurationList = 7DB224591C3B38C7006D247D /* Build configuration list for PBXNativeTarget "MayoCodeTests" */;
			buildPhases = (
				7DB2243E1C3B38C7006D247D /* Sources */,
				7DB2243F1C3B38C7006D247D /* Frameworks */,
				7DB224401C3B38C7006D247D /* Resources */,
			);
			buildRules = (
			);
			dependencies = (
				7DB224441C3B38C7006D247D /* PBXTargetDependency */,
			);
			name = MayoCodeTests;
			productName = MayoCodeTests;
			productReference = 7DB224421C3B38C7006D247D /* MayoCodeTests.xctest */;
			productType = "com.apple.product-type.bundle.unit-test";
		};
		7DB2244C1C3B38C7006D247D /* MayoCodeUITests */ = {
			isa = PBXNativeTarget;
			buildConfigurationList = 7DB2245C1C3B38C7006D247D /* Build configuration list for PBXNativeTarget "MayoCodeUITests" */;
			buildPhases = (
				7DB224491C3B38C7006D247D /* Sources */,
				7DB2244A1C3B38C7006D247D /* Frameworks */,
				7DB2244B1C3B38C7006D247D /* Resources */,
			);
			buildRules = (
			);
			dependencies = (
				7DB2244F1C3B38C7006D247D /* PBXTargetDependency */,
			);
			name = MayoCodeUITests;
			productName = MayoCodeUITests;
			productReference = 7DB2244D1C3B38C7006D247D /* MayoCodeUITests.xctest */;
			productType = "com.apple.product-type.bundle.ui-testing";
		};
/* End PBXNativeTarget section */

/* Begin PBXProject section */
		7DB224261C3B38C7006D247D /* Project object */ = {
			isa = PBXProject;
			attributes = {
				LastSwiftUpdateCheck = 0710;
				LastUpgradeCheck = 0710;
				ORGANIZATIONNAME = "ATECH Student";
				TargetAttributes = {
					7DB2242D1C3B38C7006D247D = {
						CreatedOnToolsVersion = 7.1;
						DevelopmentTeam = AB933V97QY;
					};
					7DB224411C3B38C7006D247D = {
						CreatedOnToolsVersion = 7.1;
						DevelopmentTeam = AB933V97QY;
						TestTargetID = 7DB2242D1C3B38C7006D247D;
					};
					7DB2244C1C3B38C7006D247D = {
						CreatedOnToolsVersion = 7.1;
						DevelopmentTeam = AB933V97QY;
						TestTargetID = 7DB2242D1C3B38C7006D247D;
					};
				};
			};
			buildConfigurationList = 7DB224291C3B38C7006D247D /* Build configuration list for PBXProject "MayoCode" */;
			compatibilityVersion = "Xcode 3.2";
			developmentRegion = English;
			hasScannedForEncodings = 0;
			knownRegions = (
				en,
				Base,
			);
			mainGroup = 7DB224251C3B38C7006D247D;
			productRefGroup = 7DB2242F1C3B38C7006D247D /* Products */;
			projectDirPath = "";
			projectRoot = "";
			targets = (
				7DB2242D1C3B38C7006D247D /* MayoCode */,
				7DB224411C3B38C7006D247D /* MayoCodeTests */,
				7DB2244C1C3B38C7006D247D /* MayoCodeUITests */,
			);
		};
/* End PBXProject section */

/* Begin PBXResourcesBuildPhase section */
		7DB2242C1C3B38C7006D247D /* Resources */ = {
			isa = PBXResourcesBuildPhase;
			buildActionMask = 2147483647;
			files = (
				7DB2243C1C3B38C7006D247D /* LaunchScreen.storyboard in Resources */,
				7DB224391C3B38C7006D247D /* Assets.xcassets in Resources */,
				7DB224371C3B38C7006D247D /* Main.storyboard in Resources */,
			);
			runOnlyForDeploymentPostprocessing = 0;
		};
		7DB224401C3B38C7006D247D /* Resources */ = {
			isa = PBXResourcesBuildPhase;
			buildActionMask = 2147483647;
			files = (
				7D5FF1E11C56DAF300997473 /* Main.storyboard in Resources */,
			);
			runOnlyForDeploymentPostprocessing = 0;
		};
		7DB2244B1C3B38C7006D247D /* Resources */ = {
			isa = PBXResourcesBuildPhase;
			buildActionMask = 2147483647;
			files = (
				7D5FF1E21C56DAF300997473 /* Main.storyboard in Resources */,
			);
			runOnlyForDeploymentPostprocessing = 0;
		};
/* End PBXResourcesBuildPhase section */

/* Begin PBXSourcesBuildPhase section */
		7DB2242A1C3B38C7006D247D /* Sources */ = {
			isa = PBXSourcesBuildPhase;
			buildActionMask = 2147483647;
			files = (
				7DB224341C3B38C7006D247D /* ViewController.swift in Sources */,
				7D4AA9571C7CEF060053502A /* TheArrays.swift in Sources */,
				7D4AA9531C77AE670053502A /* CodeDescription.swift in Sources */,
				7D4AA9511C77ADAB0053502A /* CodeSampTView.swift in Sources */,
				7DB224321C3B38C7006D247D /* AppDelegate.swift in Sources */,
				7D4AA94F1C77ACAD0053502A /* ButtonTView.swift in Sources */,
			);
			runOnlyForDeploymentPostprocessing = 0;
		};
		7DB2243E1C3B38C7006D247D /* Sources */ = {
			isa = PBXSourcesBuildPhase;
			buildActionMask = 2147483647;
			files = (
				7DB224471C3B38C7006D247D /* MayoCodeTests.swift in Sources */,
			);
			runOnlyForDeploymentPostprocessing = 0;
		};
		7DB224491C3B38C7006D247D /* Sources */ = {
			isa = PBXSourcesBuildPhase;
			buildActionMask = 2147483647;
			files = (
				7DB224521C3B38C7006D247D /* MayoCodeUITests.swift in Sources */,
			);
			runOnlyForDeploymentPostprocessing = 0;
		};
/* End PBXSourcesBuildPhase section */

/* Begin PBXTargetDependency section */
		7DB224441C3B38C7006D247D /* PBXTargetDependency */ = {
			isa = PBXTargetDependency;
			target = 7DB2242D1C3B38C7006D247D /* MayoCode */;
			targetProxy = 7DB224431C3B38C7006D247D /* PBXContainerItemProxy */;
		};
		7DB2244F1C3B38C7006D247D /* PBXTargetDependency */ = {
			isa = PBXTargetDependency;
			target = 7DB2242D1C3B38C7006D247D /* MayoCode */;
			targetProxy = 7DB2244E1C3B38C7006D247D /* PBXContainerItemProxy */;
		};
/* End PBXTargetDependency section */

/* Begin PBXVariantGroup section */
		7DB224351C3B38C7006D247D /* Main.storyboard */ = {
			isa = PBXVariantGroup;
			children = (
				7DB224361C3B38C7006D247D /* Base */,
				7D5FF1E41C56DB0500997473 /* en */,
			);
			name = Main.storyboard;
			sourceTree = "<group>";
		};
		7DB2243A1C3B38C7006D247D /* LaunchScreen.storyboard */ = {
			isa = PBXVariantGroup;
			children = (
				7DB2243B1C3B38C7006D247D /* Base */,
			);
			name = LaunchScreen.storyboard;
			sourceTree = "<group>";
		};
/* End PBXVariantGroup section */

/* Begin XCBuildConfiguration section */
		7DB224541C3B38C7006D247D /* Debug */ = {
			isa = XCBuildConfiguration;
			buildSettings = {
				ALWAYS_SEARCH_USER_PATHS = NO;
				CLANG_CXX_LANGUAGE_STANDARD = "gnu++0x";
				CLANG_CXX_LIBRARY = "libc++";
				CLANG_ENABLE_MODULES = YES;
				CLANG_ENABLE_OBJC_ARC = YES;
				CLANG_WARN_BOOL_CONVERSION = YES;
				CLANG_WARN_CONSTANT_CONVERSION = YES;
				CLANG_WARN_DIRECT_OBJC_ISA_USAGE = YES_ERROR;
				CLANG_WARN_EMPTY_BODY = YES;
				CLANG_WARN_ENUM_CONVERSION = YES;
				CLANG_WARN_INT_CONVERSION = YES;
				CLANG_WARN_OBJC_ROOT_CLASS = YES_ERROR;
				CLANG_WARN_UNREACHABLE_CODE = YES;
				CLANG_WARN__DUPLICATE_METHOD_MATCH = YES;
				"CODE_SIGN_IDENTITY[sdk=iphoneos*]" = "iPhone Developer";
				COPY_PHASE_STRIP = NO;
				DEBUG_INFORMATION_FORMAT = dwarf;
				ENABLE_STRICT_OBJC_MSGSEND = YES;
				ENABLE_TESTABILITY = YES;
				GCC_C_LANGUAGE_STANDARD = gnu99;
				GCC_DYNAMIC_NO_PIC = NO;
				GCC_NO_COMMON_BLOCKS = YES;
				GCC_OPTIMIZATION_LEVEL = 0;
				GCC_PREPROCESSOR_DEFINITIONS = (
					"DEBUG=1",
					"$(inherited)",
				);
				GCC_WARN_64_TO_32_BIT_CONVERSION = YES;
				GCC_WARN_ABOUT_RETURN_TYPE = YES_ERROR;
				GCC_WARN_UNDECLARED_SELECTOR = YES;
				GCC_WARN_UNINITIALIZED_AUTOS = YES_AGGRESSIVE;
				GCC_WARN_UNUSED_FUNCTION = YES;
				GCC_WARN_UNUSED_VARIABLE = YES;
				IPHONEOS_DEPLOYMENT_TARGET = 9.1;
				MTL_ENABLE_DEBUG_INFO = YES;
				ONLY_ACTIVE_ARCH = YES;
				SDKROOT = iphoneos;
				SWIFT_OPTIMIZATION_LEVEL = "-Onone";
				TARGETED_DEVICE_FAMILY = "1,2";
			};
			name = Debug;
		};
		7DB224551C3B38C7006D247D /* Release */ = {
			isa = XCBuildConfiguration;
			buildSettings = {
				ALWAYS_SEARCH_USER_PATHS = NO;
				CLANG_CXX_LANGUAGE_STANDARD = "gnu++0x";
				CLANG_CXX_LIBRARY = "libc++";
				CLANG_ENABLE_MODULES = YES;
				CLANG_ENABLE_OBJC_ARC = YES;
				CLANG_WARN_BOOL_CONVERSION = YES;
				CLANG_WARN_CONSTANT_CONVERSION = YES;
				CLANG_WARN_DIRECT_OBJC_ISA_USAGE = YES_ERROR;
				CLANG_WARN_EMPTY_BODY = YES;
				CLANG_WARN_ENUM_CONVERSION = YES;
				CLANG_WARN_INT_CONVERSION = YES;
				CLANG_WARN_OBJC_ROOT_CLASS = YES_ERROR;
				CLANG_WARN_UNREACHABLE_CODE = YES;
				CLANG_WARN__DUPLICATE_METHOD_MATCH = YES;
				"CODE_SIGN_IDENTITY[sdk=iphoneos*]" = "iPhone Developer";
				COPY_PHASE_STRIP = NO;
				DEBUG_INFORMATION_FORMAT = "dwarf-with-dsym";
				ENABLE_NS_ASSERTIONS = NO;
				ENABLE_STRICT_OBJC_MSGSEND = YES;
				GCC_C_LANGUAGE_STANDARD = gnu99;
				GCC_NO_COMMON_BLOCKS = YES;
				GCC_WARN_64_TO_32_BIT_CONVERSION = YES;
				GCC_WARN_ABOUT_RETURN_TYPE = YES_ERROR;
				GCC_WARN_UNDECLARED_SELECTOR = YES;
				GCC_WARN_UNINITIALIZED_AUTOS = YES_AGGRESSIVE;
				GCC_WARN_UNUSED_FUNCTION = YES;
				GCC_WARN_UNUSED_VARIABLE = YES;
				IPHONEOS_DEPLOYMENT_TARGET = 9.1;
				MTL_ENABLE_DEBUG_INFO = NO;
				SDKROOT = iphoneos;
				TARGETED_DEVICE_FAMILY = "1,2";
				VALIDATE_PRODUCT = YES;
			};
			name = Release;
		};
		7DB224571C3B38C7006D247D /* Debug */ = {
			isa = XCBuildConfiguration;
			buildSettings = {
				ASSETCATALOG_COMPILER_APPICON_NAME = AppIcon;
				INFOPLIST_FILE = MayoCode/Info.plist;
				LD_RUNPATH_SEARCH_PATHS = "$(inherited) @executable_path/Frameworks";
				PRODUCT_BUNDLE_IDENTIFIER = Ata.MayoCode;
				PRODUCT_NAME = "$(TARGET_NAME)";
			};
			name = Debug;
		};
		7DB224581C3B38C7006D247D /* Release */ = {
			isa = XCBuildConfiguration;
			buildSettings = {
				ASSETCATALOG_COMPILER_APPICON_NAME = AppIcon;
				INFOPLIST_FILE = MayoCode/Info.plist;
				LD_RUNPATH_SEARCH_PATHS = "$(inherited) @executable_path/Frameworks";
				PRODUCT_BUNDLE_IDENTIFIER = Ata.MayoCode;
				PRODUCT_NAME = "$(TARGET_NAME)";
			};
			name = Release;
		};
		7DB2245A1C3B38C7006D247D /* Debug */ = {
			isa = XCBuildConfiguration;
			buildSettings = {
				BUNDLE_LOADER = "$(TEST_HOST)";
				INFOPLIST_FILE = MayoCodeTests/Info.plist;
				LD_RUNPATH_SEARCH_PATHS = "$(inherited) @executable_path/Frameworks @loader_path/Frameworks";
				PRODUCT_BUNDLE_IDENTIFIER = Ata.MayoCodeTests;
				PRODUCT_NAME = "$(TARGET_NAME)";
				TEST_HOST = "$(BUILT_PRODUCTS_DIR)/MayoCode.app/MayoCode";
			};
			name = Debug;
		};
		7DB2245B1C3B38C7006D247D /* Release */ = {
			isa = XCBuildConfiguration;
			buildSettings = {
				BUNDLE_LOADER = "$(TEST_HOST)";
				INFOPLIST_FILE = MayoCodeTests/Info.plist;
				LD_RUNPATH_SEARCH_PATHS = "$(inherited) @executable_path/Frameworks @loader_path/Frameworks";
				PRODUCT_BUNDLE_IDENTIFIER = Ata.MayoCodeTests;
				PRODUCT_NAME = "$(TARGET_NAME)";
				TEST_HOST = "$(BUILT_PRODUCTS_DIR)/MayoCode.app/MayoCode";
			};
			name = Release;
		};
		7DB2245D1C3B38C7006D247D /* Debug */ = {
			isa = XCBuildConfiguration;
			buildSettings = {
				INFOPLIST_FILE = MayoCodeUITests/Info.plist;
				LD_RUNPATH_SEARCH_PATHS = "$(inherited) @executable_path/Frameworks @loader_path/Frameworks";
				PRODUCT_BUNDLE_IDENTIFIER = Ata.MayoCodeUITests;
				PRODUCT_NAME = "$(TARGET_NAME)";
				TEST_TARGET_NAME = MayoCode;
				USES_XCTRUNNER = YES;
			};
			name = Debug;
		};
		7DB2245E1C3B38C7006D247D /* Release */ = {
			isa = XCBuildConfiguration;
			buildSettings = {
				INFOPLIST_FILE = MayoCodeUITests/Info.plist;
				LD_RUNPATH_SEARCH_PATHS = "$(inherited) @executable_path/Frameworks @loader_path/Frameworks";
				PRODUCT_BUNDLE_IDENTIFIER = Ata.MayoCodeUITests;
				PRODUCT_NAME = "$(TARGET_NAME)";
				TEST_TARGET_NAME = MayoCode;
				USES_XCTRUNNER = YES;
			};
			name = Release;
		};
/* End XCBuildConfiguration section */

/* Begin XCConfigurationList section */
		7DB224291C3B38C7006D247D /* Build configuration list for PBXProject "MayoCode" */ = {
			isa = XCConfigurationList;
			buildConfigurations = (
				7DB224541C3B38C7006D247D /* Debug */,
				7DB224551C3B38C7006D247D /* Release */,
			);
			defaultConfigurationIsVisible = 0;
			defaultConfigurationName = Release;
		};
		7DB224561C3B38C7006D247D /* Build configuration list for PBXNativeTarget "MayoCode" */ = {
			isa = XCConfigurationList;
			buildConfigurations = (
				7DB224571C3B38C7006D247D /* Debug */,
				7DB224581C3B38C7006D247D /* Release */,
			);
			defaultConfigurationIsVisible = 0;
			defaultConfigurationName = Release;
		};
		7DB224591C3B38C7006D247D /* Build configuration list for PBXNativeTarget "MayoCodeTests" */ = {
			isa = XCConfigurationList;
			buildConfigurations = (
				7DB2245A1C3B38C7006D247D /* Debug */,
				7DB2245B1C3B38C7006D247D /* Release */,
			);
			defaultConfigurationIsVisible = 0;
			defaultConfigurationName = Release;
		};
		7DB2245C1C3B38C7006D247D /* Build configuration list for PBXNativeTarget "MayoCodeUITests" */ = {
			isa = XCConfigurationList;
			buildConfigurations = (
				7DB2245D1C3B38C7006D247D /* Debug */,
				7DB2245E1C3B38C7006D247D /* Release */,
			);
			defaultConfigurationIsVisible = 0;
			defaultConfigurationName = Release;
		};
/* End XCConfigurationList section */
	};
	rootObject = 7DB224261C3B38C7006D247D /* Project object */;
}
